// !$*UTF8*$!
{
	archiveVersion = 1;
	classes = {
	};
	objectVersion = 46;
	objects = {

/* Begin PBXAggregateTarget section */
		"Threading::ThreadingPackageTests::ProductTarget" /* ThreadingPackageTests */ = {
			isa = PBXAggregateTarget;
			buildConfigurationList = OBJ_31 /* Build configuration list for PBXAggregateTarget "ThreadingPackageTests" */;
			buildPhases = (
			);
			dependencies = (
				OBJ_34 /* PBXTargetDependency */,
			);
			name = ThreadingPackageTests;
			productName = ThreadingPackageTests;
		};
/* End PBXAggregateTarget section */

/* Begin PBXBuildFile section */
		3FB8F01020D731FA006504D4 /* ThreadedObject.swift in Sources */ = {isa = PBXBuildFile; fileRef = 3FB8F00F20D731FA006504D4 /* ThreadedObject.swift */; };
		3FB8F01220D74FD4006504D4 /* ThreadedDictionary.swift in Sources */ = {isa = PBXBuildFile; fileRef = 3FB8F01120D74FD4006504D4 /* ThreadedDictionary.swift */; };
		3FB8F01420D76E7E006504D4 /* ThreadedQueue.swift in Sources */ = {isa = PBXBuildFile; fileRef = 3FB8F01320D76E7E006504D4 /* ThreadedQueue.swift */; };
		3FB8F01820D77027006504D4 /* CircularQueue.swift in Sources */ = {isa = PBXBuildFile; fileRef = 3FB8F01720D77027006504D4 /* CircularQueue.swift */; };
		3FD30E4F20D6309C002D8595 /* Atomic.swift in Sources */ = {isa = PBXBuildFile; fileRef = 3FD30E4E20D6309C002D8595 /* Atomic.swift */; };
		3FD30E5120D632F7002D8595 /* LabelDispatch.swift in Sources */ = {isa = PBXBuildFile; fileRef = 3FD30E5020D632F7002D8595 /* LabelDispatch.swift */; };
		3FD30E5320D63555002D8595 /* ThreadingType.swift in Sources */ = {isa = PBXBuildFile; fileRef = 3FD30E5220D63555002D8595 /* ThreadingType.swift */; };
		3FD30E5720D6422B002D8595 /* ThreadedArray.swift in Sources */ = {isa = PBXBuildFile; fileRef = 3FD30E5620D6422B002D8595 /* ThreadedArray.swift */; };
		3FD30E5920D64275002D8595 /* ThreadedCollection.swift in Sources */ = {isa = PBXBuildFile; fileRef = 3FD30E5820D64275002D8595 /* ThreadedCollection.swift */; };
		OBJ_29 /* Package.swift in Sources */ = {isa = PBXBuildFile; fileRef = OBJ_6 /* Package.swift */; };
		OBJ_40 /* ThreadingTests.swift in Sources */ = {isa = PBXBuildFile; fileRef = OBJ_12 /* ThreadingTests.swift */; };
		OBJ_41 /* XCTestManifests.swift in Sources */ = {isa = PBXBuildFile; fileRef = OBJ_13 /* XCTestManifests.swift */; };
		OBJ_43 /* Threading.framework in Frameworks */ = {isa = PBXBuildFile; fileRef = "Threading::Threading::Product" /* Threading.framework */; };
/* End PBXBuildFile section */

/* Begin PBXContainerItemProxy section */
		3FD30E4C20D63042002D8595 /* PBXContainerItemProxy */ = {
			isa = PBXContainerItemProxy;
			containerPortal = OBJ_1 /* Project object */;
			proxyType = 1;
			remoteGlobalIDString = "Threading::Threading";
			remoteInfo = Threading;
		};
		3FD30E4D20D63043002D8595 /* PBXContainerItemProxy */ = {
			isa = PBXContainerItemProxy;
			containerPortal = OBJ_1 /* Project object */;
			proxyType = 1;
			remoteGlobalIDString = "Threading::ThreadingTests";
			remoteInfo = ThreadingTests;
		};
/* End PBXContainerItemProxy section */

/* Begin PBXFileReference section */
		3FB8F00F20D731FA006504D4 /* ThreadedObject.swift */ = {isa = PBXFileReference; lastKnownFileType = sourcecode.swift; path = ThreadedObject.swift; sourceTree = "<group>"; };
		3FB8F01120D74FD4006504D4 /* ThreadedDictionary.swift */ = {isa = PBXFileReference; lastKnownFileType = sourcecode.swift; path = ThreadedDictionary.swift; sourceTree = "<group>"; };
		3FB8F01320D76E7E006504D4 /* ThreadedQueue.swift */ = {isa = PBXFileReference; lastKnownFileType = sourcecode.swift; path = ThreadedQueue.swift; sourceTree = "<group>"; };
		3FB8F01720D77027006504D4 /* CircularQueue.swift */ = {isa = PBXFileReference; lastKnownFileType = sourcecode.swift; path = CircularQueue.swift; sourceTree = "<group>"; };
		3FD30E4E20D6309C002D8595 /* Atomic.swift */ = {isa = PBXFileReference; lastKnownFileType = sourcecode.swift; path = Atomic.swift; sourceTree = "<group>"; };
		3FD30E5020D632F7002D8595 /* LabelDispatch.swift */ = {isa = PBXFileReference; lastKnownFileType = sourcecode.swift; path = LabelDispatch.swift; sourceTree = "<group>"; };
		3FD30E5220D63555002D8595 /* ThreadingType.swift */ = {isa = PBXFileReference; lastKnownFileType = sourcecode.swift; path = ThreadingType.swift; sourceTree = "<group>"; };
		3FD30E5620D6422B002D8595 /* ThreadedArray.swift */ = {isa = PBXFileReference; lastKnownFileType = sourcecode.swift; path = ThreadedArray.swift; sourceTree = "<group>"; };
		3FD30E5820D64275002D8595 /* ThreadedCollection.swift */ = {isa = PBXFileReference; lastKnownFileType = sourcecode.swift; path = ThreadedCollection.swift; sourceTree = "<group>"; };
		OBJ_12 /* ThreadingTests.swift */ = {isa = PBXFileReference; lastKnownFileType = sourcecode.swift; path = ThreadingTests.swift; sourceTree = "<group>"; };
		OBJ_13 /* XCTestManifests.swift */ = {isa = PBXFileReference; lastKnownFileType = sourcecode.swift; path = XCTestManifests.swift; sourceTree = "<group>"; };
		OBJ_6 /* Package.swift */ = {isa = PBXFileReference; explicitFileType = sourcecode.swift; path = Package.swift; sourceTree = "<group>"; };
		"Threading::Threading::Product" /* Threading.framework */ = {isa = PBXFileReference; explicitFileType = wrapper.framework; path = Threading.framework; sourceTree = BUILT_PRODUCTS_DIR; };
		"Threading::ThreadingTests::Product" /* ThreadingTests.xctest */ = {isa = PBXFileReference; lastKnownFileType = file; path = ThreadingTests.xctest; sourceTree = BUILT_PRODUCTS_DIR; };
/* End PBXFileReference section */

/* Begin PBXFrameworksBuildPhase section */
		OBJ_23 /* Frameworks */ = {
			isa = PBXFrameworksBuildPhase;
			buildActionMask = 0;
			files = (
			);
			runOnlyForDeploymentPostprocessing = 0;
		};
		OBJ_42 /* Frameworks */ = {
			isa = PBXFrameworksBuildPhase;
			buildActionMask = 0;
			files = (
				OBJ_43 /* Threading.framework in Frameworks */,
			);
			runOnlyForDeploymentPostprocessing = 0;
		};
/* End PBXFrameworksBuildPhase section */

/* Begin PBXGroup section */
		3FD30E5420D641CB002D8595 /* Collections */ = {
			isa = PBXGroup;
			children = (
				3FD30E4E20D6309C002D8595 /* Atomic.swift */,
				3FD30E5620D6422B002D8595 /* ThreadedArray.swift */,
				3FB8F01120D74FD4006504D4 /* ThreadedDictionary.swift */,
				3FB8F01320D76E7E006504D4 /* ThreadedQueue.swift */,
			);
			path = Collections;
			sourceTree = "<group>";
		};
		3FD30E5520D641E5002D8595 /* Components */ = {
			isa = PBXGroup;
			children = (
				3FD30E5020D632F7002D8595 /* LabelDispatch.swift */,
				3FD30E5220D63555002D8595 /* ThreadingType.swift */,
				3FD30E5820D64275002D8595 /* ThreadedCollection.swift */,
				3FB8F00F20D731FA006504D4 /* ThreadedObject.swift */,
				3FB8F01720D77027006504D4 /* CircularQueue.swift */,
			);
			path = Components;
			sourceTree = "<group>";
		};
		OBJ_10 /* Tests */ = {
			isa = PBXGroup;
			children = (
				OBJ_11 /* ThreadingTests */,
			);
			name = Tests;
			sourceTree = SOURCE_ROOT;
		};
		OBJ_11 /* ThreadingTests */ = {
			isa = PBXGroup;
			children = (
				OBJ_12 /* ThreadingTests.swift */,
				OBJ_13 /* XCTestManifests.swift */,
			);
			name = ThreadingTests;
			path = Tests/ThreadingTests;
			sourceTree = SOURCE_ROOT;
		};
		OBJ_14 /* Products */ = {
			isa = PBXGroup;
			children = (
				"Threading::Threading::Product" /* Threading.framework */,
				"Threading::ThreadingTests::Product" /* ThreadingTests.xctest */,
			);
			name = Products;
			sourceTree = BUILT_PRODUCTS_DIR;
		};
		OBJ_5 = {
			isa = PBXGroup;
			children = (
				OBJ_6 /* Package.swift */,
				OBJ_7 /* Sources */,
				OBJ_10 /* Tests */,
				OBJ_14 /* Products */,
			);
			sourceTree = "<group>";
		};
		OBJ_7 /* Sources */ = {
			isa = PBXGroup;
			children = (
				OBJ_8 /* Threading */,
			);
			name = Sources;
			sourceTree = SOURCE_ROOT;
		};
		OBJ_8 /* Threading */ = {
			isa = PBXGroup;
			children = (
				3FD30E5520D641E5002D8595 /* Components */,
				3FD30E5420D641CB002D8595 /* Collections */,
			);
			name = Threading;
			path = Sources/Threading;
			sourceTree = SOURCE_ROOT;
		};
/* End PBXGroup section */

/* Begin PBXNativeTarget section */
		"Threading::SwiftPMPackageDescription" /* ThreadingPackageDescription */ = {
			isa = PBXNativeTarget;
			buildConfigurationList = OBJ_25 /* Build configuration list for PBXNativeTarget "ThreadingPackageDescription" */;
			buildPhases = (
				OBJ_28 /* Sources */,
			);
			buildRules = (
			);
			dependencies = (
			);
			name = ThreadingPackageDescription;
			productName = ThreadingPackageDescription;
			productType = "com.apple.product-type.framework";
		};
		"Threading::Threading" /* Threading */ = {
			isa = PBXNativeTarget;
			buildConfigurationList = OBJ_18 /* Build configuration list for PBXNativeTarget "Threading" */;
			buildPhases = (
				OBJ_21 /* Sources */,
				OBJ_23 /* Frameworks */,
			);
			buildRules = (
			);
			dependencies = (
			);
			name = Threading;
			productName = Threading;
			productReference = "Threading::Threading::Product" /* Threading.framework */;
			productType = "com.apple.product-type.framework";
		};
		"Threading::ThreadingTests" /* ThreadingTests */ = {
			isa = PBXNativeTarget;
			buildConfigurationList = OBJ_36 /* Build configuration list for PBXNativeTarget "ThreadingTests" */;
			buildPhases = (
				OBJ_39 /* Sources */,
				OBJ_42 /* Frameworks */,
			);
			buildRules = (
			);
			dependencies = (
				OBJ_44 /* PBXTargetDependency */,
			);
			name = ThreadingTests;
			productName = ThreadingTests;
			productReference = "Threading::ThreadingTests::Product" /* ThreadingTests.xctest */;
			productType = "com.apple.product-type.bundle.unit-test";
		};
/* End PBXNativeTarget section */

/* Begin PBXProject section */
		OBJ_1 /* Project object */ = {
			isa = PBXProject;
			attributes = {
				LastUpgradeCheck = 9999;
			};
			buildConfigurationList = OBJ_2 /* Build configuration list for PBXProject "Threading" */;
			compatibilityVersion = "Xcode 3.2";
			developmentRegion = English;
			hasScannedForEncodings = 0;
			knownRegions = (
				en,
			);
			mainGroup = OBJ_5;
			productRefGroup = OBJ_14 /* Products */;
			projectDirPath = "";
			projectRoot = "";
			targets = (
				"Threading::Threading" /* Threading */,
				"Threading::SwiftPMPackageDescription" /* ThreadingPackageDescription */,
				"Threading::ThreadingPackageTests::ProductTarget" /* ThreadingPackageTests */,
				"Threading::ThreadingTests" /* ThreadingTests */,
			);
		};
/* End PBXProject section */

/* Begin PBXSourcesBuildPhase section */
		OBJ_21 /* Sources */ = {
			isa = PBXSourcesBuildPhase;
			buildActionMask = 0;
			files = (
				3FB8F01020D731FA006504D4 /* ThreadedObject.swift in Sources */,
				3FD30E5920D64275002D8595 /* ThreadedCollection.swift in Sources */,
				3FD30E5120D632F7002D8595 /* LabelDispatch.swift in Sources */,
				3FD30E5320D63555002D8595 /* ThreadingType.swift in Sources */,
				3FB8F01420D76E7E006504D4 /* ThreadedQueue.swift in Sources */,
				3FD30E5720D6422B002D8595 /* ThreadedArray.swift in Sources */,
				3FB8F01220D74FD4006504D4 /* ThreadedDictionary.swift in Sources */,
				3FB8F01820D77027006504D4 /* CircularQueue.swift in Sources */,
				3FD30E4F20D6309C002D8595 /* Atomic.swift in Sources */,
			);
			runOnlyForDeploymentPostprocessing = 0;
		};
		OBJ_28 /* Sources */ = {
			isa = PBXSourcesBuildPhase;
			buildActionMask = 0;
			files = (
				OBJ_29 /* Package.swift in Sources */,
			);
			runOnlyForDeploymentPostprocessing = 0;
		};
		OBJ_39 /* Sources */ = {
			isa = PBXSourcesBuildPhase;
			buildActionMask = 0;
			files = (
				OBJ_40 /* ThreadingTests.swift in Sources */,
				OBJ_41 /* XCTestManifests.swift in Sources */,
			);
			runOnlyForDeploymentPostprocessing = 0;
		};
/* End PBXSourcesBuildPhase section */

/* Begin PBXTargetDependency section */
		OBJ_34 /* PBXTargetDependency */ = {
			isa = PBXTargetDependency;
			target = "Threading::ThreadingTests" /* ThreadingTests */;
			targetProxy = 3FD30E4D20D63043002D8595 /* PBXContainerItemProxy */;
		};
		OBJ_44 /* PBXTargetDependency */ = {
			isa = PBXTargetDependency;
			target = "Threading::Threading" /* Threading */;
			targetProxy = 3FD30E4C20D63042002D8595 /* PBXContainerItemProxy */;
		};
/* End PBXTargetDependency section */

/* Begin XCBuildConfiguration section */
		OBJ_19 /* Debug */ = {
			isa = XCBuildConfiguration;
			buildSettings = {
				ENABLE_TESTABILITY = YES;
				FRAMEWORK_SEARCH_PATHS = (
					"$(inherited)",
					"$(PLATFORM_DIR)/Developer/Library/Frameworks",
				);
				HEADER_SEARCH_PATHS = "$(inherited)";
				INFOPLIST_FILE = Threading.xcodeproj/Threading_Info.plist;
				LD_RUNPATH_SEARCH_PATHS = "$(inherited) $(TOOLCHAIN_DIR)/usr/lib/swift/macosx";
				OTHER_CFLAGS = "$(inherited)";
				OTHER_LDFLAGS = "$(inherited)";
				OTHER_SWIFT_FLAGS = "$(inherited)";
				PRODUCT_BUNDLE_IDENTIFIER = Threading;
				PRODUCT_MODULE_NAME = "$(TARGET_NAME:c99extidentifier)";
				PRODUCT_NAME = "$(TARGET_NAME:c99extidentifier)";
				SKIP_INSTALL = YES;
				SWIFT_VERSION = 4.0;
				TARGET_NAME = Threading;
			};
			name = Debug;
		};
		OBJ_20 /* Release */ = {
			isa = XCBuildConfiguration;
			buildSettings = {
				ENABLE_TESTABILITY = YES;
				FRAMEWORK_SEARCH_PATHS = (
					"$(inherited)",
					"$(PLATFORM_DIR)/Developer/Library/Frameworks",
				);
				HEADER_SEARCH_PATHS = "$(inherited)";
				INFOPLIST_FILE = Threading.xcodeproj/Threading_Info.plist;
				LD_RUNPATH_SEARCH_PATHS = "$(inherited) $(TOOLCHAIN_DIR)/usr/lib/swift/macosx";
				OTHER_CFLAGS = "$(inherited)";
				OTHER_LDFLAGS = "$(inherited)";
				OTHER_SWIFT_FLAGS = "$(inherited)";
				PRODUCT_BUNDLE_IDENTIFIER = Threading;
				PRODUCT_MODULE_NAME = "$(TARGET_NAME:c99extidentifier)";
				PRODUCT_NAME = "$(TARGET_NAME:c99extidentifier)";
				SKIP_INSTALL = YES;
				SWIFT_VERSION = 4.0;
				TARGET_NAME = Threading;
			};
			name = Release;
		};
		OBJ_26 /* Debug */ = {
			isa = XCBuildConfiguration;
			buildSettings = {
				LD = /usr/bin/true;
				OTHER_SWIFT_FLAGS = "-swift-version 4 -I $(TOOLCHAIN_DIR)/usr/lib/swift/pm/4 -target x86_64-apple-macosx10.10 -sdk /Library/Developer/CommandLineTools/SDKs/MacOSX10.13.sdk";
				SWIFT_VERSION = 4.0;
			};
			name = Debug;
		};
		OBJ_27 /* Release */ = {
			isa = XCBuildConfiguration;
			buildSettings = {
				LD = /usr/bin/true;
				OTHER_SWIFT_FLAGS = "-swift-version 4 -I $(TOOLCHAIN_DIR)/usr/lib/swift/pm/4 -target x86_64-apple-macosx10.10 -sdk /Library/Developer/CommandLineTools/SDKs/MacOSX10.13.sdk";
				SWIFT_VERSION = 4.0;
			};
			name = Release;
		};
		OBJ_3 /* Debug */ = {
			isa = XCBuildConfiguration;
			buildSettings = {
				CLANG_ENABLE_OBJC_ARC = YES;
				COMBINE_HIDPI_IMAGES = YES;
				COPY_PHASE_STRIP = NO;
				DEBUG_INFORMATION_FORMAT = dwarf;
				DYLIB_INSTALL_NAME_BASE = "@rpath";
				ENABLE_NS_ASSERTIONS = YES;
				GCC_OPTIMIZATION_LEVEL = 0;
				MACOSX_DEPLOYMENT_TARGET = 10.10;
				ONLY_ACTIVE_ARCH = YES;
				OTHER_SWIFT_FLAGS = "-DXcode";
				PRODUCT_NAME = "$(TARGET_NAME)";
				SDKROOT = macosx;
				SUPPORTED_PLATFORMS = "macosx iphoneos iphonesimulator appletvos appletvsimulator watchos watchsimulator";
				SWIFT_ACTIVE_COMPILATION_CONDITIONS = SWIFT_PACKAGE;
				SWIFT_OPTIMIZATION_LEVEL = "-Onone";
				USE_HEADERMAP = NO;
			};
			name = Debug;
		};
		OBJ_32 /* Debug */ = {
			isa = XCBuildConfiguration;
			buildSettings = {
			};
			name = Debug;
		};
		OBJ_33 /* Release */ = {
			isa = XCBuildConfiguration;
			buildSettings = {
			};
			name = Release;
		};
		OBJ_37 /* Debug */ = {
			isa = XCBuildConfiguration;
			buildSettings = {
				EMBEDDED_CONTENT_CONTAINS_SWIFT = YES;
				FRAMEWORK_SEARCH_PATHS = (
					"$(inherited)",
					"$(PLATFORM_DIR)/Developer/Library/Frameworks",
				);
				HEADER_SEARCH_PATHS = "$(inherited)";
				INFOPLIST_FILE = Threading.xcodeproj/ThreadingTests_Info.plist;
				LD_RUNPATH_SEARCH_PATHS = "$(inherited) @loader_path/../Frameworks @loader_path/Frameworks";
				OTHER_CFLAGS = "$(inherited)";
				OTHER_LDFLAGS = "$(inherited)";
				OTHER_SWIFT_FLAGS = "$(inherited)";
				SWIFT_VERSION = 4.0;
				TARGET_NAME = ThreadingTests;
			};
			name = Debug;
		};
		OBJ_38 /* Release */ = {
			isa = XCBuildConfiguration;
			buildSettings = {
				EMBEDDED_CONTENT_CONTAINS_SWIFT = YES;
				FRAMEWORK_SEARCH_PATHS = (
					"$(inherited)",
					"$(PLATFORM_DIR)/Developer/Library/Frameworks",
				);
				HEADER_SEARCH_PATHS = "$(inherited)";
				INFOPLIST_FILE = Threading.xcodeproj/ThreadingTests_Info.plist;
				LD_RUNPATH_SEARCH_PATHS = "$(inherited) @loader_path/../Frameworks @loader_path/Frameworks";
				OTHER_CFLAGS = "$(inherited)";
				OTHER_LDFLAGS = "$(inherited)";
				OTHER_SWIFT_FLAGS = "$(inherited)";
				SWIFT_VERSION = 4.0;
				TARGET_NAME = ThreadingTests;
			};
			name = Release;
		};
		OBJ_4 /* Release */ = {
			isa = XCBuildConfiguration;
			buildSettings = {
				CLANG_ENABLE_OBJC_ARC = YES;
				COMBINE_HIDPI_IMAGES = YES;
				COPY_PHASE_STRIP = YES;
				DEBUG_INFORMATION_FORMAT = "dwarf-with-dsym";
				DYLIB_INSTALL_NAME_BASE = "@rpath";
				GCC_OPTIMIZATION_LEVEL = s;
				MACOSX_DEPLOYMENT_TARGET = 10.10;
				OTHER_SWIFT_FLAGS = "-DXcode";
				PRODUCT_NAME = "$(TARGET_NAME)";
				SDKROOT = macosx;
				SUPPORTED_PLATFORMS = "macosx iphoneos iphonesimulator appletvos appletvsimulator watchos watchsimulator";
				SWIFT_ACTIVE_COMPILATION_CONDITIONS = SWIFT_PACKAGE;
				SWIFT_OPTIMIZATION_LEVEL = "-Owholemodule";
				USE_HEADERMAP = NO;
			};
			name = Release;
		};
/* End XCBuildConfiguration section */

/* Begin XCConfigurationList section */
		OBJ_18 /* Build configuration list for PBXNativeTarget "Threading" */ = {
			isa = XCConfigurationList;
			buildConfigurations = (
				OBJ_19 /* Debug */,
				OBJ_20 /* Release */,
			);
			defaultConfigurationIsVisible = 0;
			defaultConfigurationName = Release;
		};
		OBJ_2 /* Build configuration list for PBXProject "Threading" */ = {
			isa = XCConfigurationList;
			buildConfigurations = (
				OBJ_3 /* Debug */,
				OBJ_4 /* Release */,
			);
			defaultConfigurationIsVisible = 0;
			defaultConfigurationName = Release;
		};
		OBJ_25 /* Build configuration list for PBXNativeTarget "ThreadingPackageDescription" */ = {
			isa = XCConfigurationList;
			buildConfigurations = (
				OBJ_26 /* Debug */,
				OBJ_27 /* Release */,
			);
			defaultConfigurationIsVisible = 0;
			defaultConfigurationName = Release;
		};
		OBJ_31 /* Build configuration list for PBXAggregateTarget "ThreadingPackageTests" */ = {
			isa = XCConfigurationList;
			buildConfigurations = (
				OBJ_32 /* Debug */,
				OBJ_33 /* Release */,
			);
			defaultConfigurationIsVisible = 0;
			defaultConfigurationName = Release;
		};
		OBJ_36 /* Build configuration list for PBXNativeTarget "ThreadingTests" */ = {
			isa = XCConfigurationList;
			buildConfigurations = (
				OBJ_37 /* Debug */,
				OBJ_38 /* Release */,
			);
			defaultConfigurationIsVisible = 0;
			defaultConfigurationName = Release;
		};
/* End XCConfigurationList section */
	};
	rootObject = OBJ_1 /* Project object */;
}
